// !$*UTF8*$!
{
	archiveVersion = 1;
	classes = {
	};
	objectVersion = 46;
	objects = {

/* Begin PBXBuildFile section */
		84BEF0EA1F03E97C00A52FD0 /* PlayViewController.swift in Sources */ = {isa = PBXBuildFile; fileRef = 84BEF0E91F03E97C00A52FD0 /* PlayViewController.swift */; };
		84FFF9501F014E0B00D116D5 /* AppDelegate.swift in Sources */ = {isa = PBXBuildFile; fileRef = 84FFF94F1F014E0B00D116D5 /* AppDelegate.swift */; };
		84FFF9521F014E0B00D116D5 /* ViewController.swift in Sources */ = {isa = PBXBuildFile; fileRef = 84FFF9511F014E0B00D116D5 /* ViewController.swift */; };
		84FFF9551F014E0B00D116D5 /* Main.storyboard in Resources */ = {isa = PBXBuildFile; fileRef = 84FFF9531F014E0B00D116D5 /* Main.storyboard */; };
		84FFF9571F014E0B00D116D5 /* Assets.xcassets in Resources */ = {isa = PBXBuildFile; fileRef = 84FFF9561F014E0B00D116D5 /* Assets.xcassets */; };
		84FFF95A1F014E0B00D116D5 /* LaunchScreen.storyboard in Resources */ = {isa = PBXBuildFile; fileRef = 84FFF9581F014E0B00D116D5 /* LaunchScreen.storyboard */; };
		84FFF9651F014E0B00D116D5 /* oXTests.swift in Sources */ = {isa = PBXBuildFile; fileRef = 84FFF9641F014E0B00D116D5 /* oXTests.swift */; };
		84FFF9701F014E0B00D116D5 /* oXUITests.swift in Sources */ = {isa = PBXBuildFile; fileRef = 84FFF96F1F014E0B00D116D5 /* oXUITests.swift */; };
/* End PBXBuildFile section */

/* Begin PBXContainerItemProxy section */
		84FFF9611F014E0B00D116D5 /* PBXContainerItemProxy */ = {
			isa = PBXContainerItemProxy;
			containerPortal = 84FFF9441F014E0B00D116D5 /* Project object */;
			proxyType = 1;
			remoteGlobalIDString = 84FFF94B1F014E0B00D116D5;
			remoteInfo = oX;
		};
		84FFF96C1F014E0B00D116D5 /* PBXContainerItemProxy */ = {
			isa = PBXContainerItemProxy;
			containerPortal = 84FFF9441F014E0B00D116D5 /* Project object */;
			proxyType = 1;
			remoteGlobalIDString = 84FFF94B1F014E0B00D116D5;
			remoteInfo = oX;
		};
/* End PBXContainerItemProxy section */

/* Begin PBXFileReference section */
		84BEF0E91F03E97C00A52FD0 /* PlayViewController.swift */ = {isa = PBXFileReference; fileEncoding = 4; lastKnownFileType = sourcecode.swift; path = PlayViewController.swift; sourceTree = "<group>"; };
		84FFF94C1F014E0B00D116D5 /* oX.app */ = {isa = PBXFileReference; explicitFileType = wrapper.application; includeInIndex = 0; path = oX.app; sourceTree = BUILT_PRODUCTS_DIR; };
		84FFF94F1F014E0B00D116D5 /* AppDelegate.swift */ = {isa = PBXFileReference; lastKnownFileType = sourcecode.swift; path = AppDelegate.swift; sourceTree = "<group>"; };
		84FFF9511F014E0B00D116D5 /* ViewController.swift */ = {isa = PBXFileReference; lastKnownFileType = sourcecode.swift; path = ViewController.swift; sourceTree = "<group>"; };
		84FFF9541F014E0B00D116D5 /* Base */ = {isa = PBXFileReference; lastKnownFileType = file.storyboard; name = Base; path = Base.lproj/Main.storyboard; sourceTree = "<group>"; };
		84FFF9561F014E0B00D116D5 /* Assets.xcassets */ = {isa = PBXFileReference; lastKnownFileType = folder.assetcatalog; path = Assets.xcassets; sourceTree = "<group>"; };
		84FFF9591F014E0B00D116D5 /* Base */ = {isa = PBXFileReference; lastKnownFileType = file.storyboard; name = Base; path = Base.lproj/LaunchScreen.storyboard; sourceTree = "<group>"; };
		84FFF95B1F014E0B00D116D5 /* Info.plist */ = {isa = PBXFileReference; lastKnownFileType = text.plist.xml; path = Info.plist; sourceTree = "<group>"; };
		84FFF9601F014E0B00D116D5 /* oXTests.xctest */ = {isa = PBXFileReference; explicitFileType = wrapper.cfbundle; includeInIndex = 0; path = oXTests.xctest; sourceTree = BUILT_PRODUCTS_DIR; };
		84FFF9641F014E0B00D116D5 /* oXTests.swift */ = {isa = PBXFileReference; lastKnownFileType = sourcecode.swift; path = oXTests.swift; sourceTree = "<group>"; };
		84FFF9661F014E0B00D116D5 /* Info.plist */ = {isa = PBXFileReference; lastKnownFileType = text.plist.xml; path = Info.plist; sourceTree = "<group>"; };
		84FFF96B1F014E0B00D116D5 /* oXUITests.xctest */ = {isa = PBXFileReference; explicitFileType = wrapper.cfbundle; includeInIndex = 0; path = oXUITests.xctest; sourceTree = BUILT_PRODUCTS_DIR; };
		84FFF96F1F014E0B00D116D5 /* oXUITests.swift */ = {isa = PBXFileReference; lastKnownFileType = sourcecode.swift; path = oXUITests.swift; sourceTree = "<group>"; };
		84FFF9711F014E0B00D116D5 /* Info.plist */ = {isa = PBXFileReference; lastKnownFileType = text.plist.xml; path = Info.plist; sourceTree = "<group>"; };
/* End PBXFileReference section */

/* Begin PBXFrameworksBuildPhase section */
		84FFF9491F014E0B00D116D5 /* Frameworks */ = {
			isa = PBXFrameworksBuildPhase;
			buildActionMask = 2147483647;
			files = (
			);
			runOnlyForDeploymentPostprocessing = 0;
		};
		84FFF95D1F014E0B00D116D5 /* Frameworks */ = {
			isa = PBXFrameworksBuildPhase;
			buildActionMask = 2147483647;
			files = (
			);
			runOnlyForDeploymentPostprocessing = 0;
		};
		84FFF9681F014E0B00D116D5 /* Frameworks */ = {
			isa = PBXFrameworksBuildPhase;
			buildActionMask = 2147483647;
			files = (
			);
			runOnlyForDeploymentPostprocessing = 0;
		};
/* End PBXFrameworksBuildPhase section */

/* Begin PBXGroup section */
		84FFF9431F014E0B00D116D5 = {
			isa = PBXGroup;
			children = (
				84FFF94E1F014E0B00D116D5 /* oX */,
				84FFF9631F014E0B00D116D5 /* oXTests */,
				84FFF96E1F014E0B00D116D5 /* oXUITests */,
				84FFF94D1F014E0B00D116D5 /* Products */,
			);
			sourceTree = "<group>";
		};
		84FFF94D1F014E0B00D116D5 /* Products */ = {
			isa = PBXGroup;
			children = (
				84FFF94C1F014E0B00D116D5 /* oX.app */,
				84FFF9601F014E0B00D116D5 /* oXTests.xctest */,
				84FFF96B1F014E0B00D116D5 /* oXUITests.xctest */,
			);
			name = Products;
			sourceTree = "<group>";
		};
		84FFF94E1F014E0B00D116D5 /* oX */ = {
			isa = PBXGroup;
			children = (
				84FFF94F1F014E0B00D116D5 /* AppDelegate.swift */,
				84FFF9511F014E0B00D116D5 /* ViewController.swift */,
				84FFF9531F014E0B00D116D5 /* Main.storyboard */,
				84BEF0E91F03E97C00A52FD0 /* PlayViewController.swift */,
				84FFF9561F014E0B00D116D5 /* Assets.xcassets */,
				84FFF9581F014E0B00D116D5 /* LaunchScreen.storyboard */,
				84FFF95B1F014E0B00D116D5 /* Info.plist */,
			);
			path = oX;
			sourceTree = "<group>";
		};
		84FFF9631F014E0B00D116D5 /* oXTests */ = {
			isa = PBXGroup;
			children = (
				84FFF9641F014E0B00D116D5 /* oXTests.swift */,
				84FFF9661F014E0B00D116D5 /* Info.plist */,
			);
			path = oXTests;
			sourceTree = "<group>";
		};
		84FFF96E1F014E0B00D116D5 /* oXUITests */ = {
			isa = PBXGroup;
			children = (
				84FFF96F1F014E0B00D116D5 /* oXUITests.swift */,
				84FFF9711F014E0B00D116D5 /* Info.plist */,
			);
			path = oXUITests;
			sourceTree = "<group>";
		};
/* End PBXGroup section */

/* Begin PBXNativeTarget section */
		84FFF94B1F014E0B00D116D5 /* oX */ = {
			isa = PBXNativeTarget;
			buildConfigurationList = 84FFF9741F014E0B00D116D5 /* Build configuration list for PBXNativeTarget "oX" */;
			buildPhases = (
				84FFF9481F014E0B00D116D5 /* Sources */,
				84FFF9491F014E0B00D116D5 /* Frameworks */,
				84FFF94A1F014E0B00D116D5 /* Resources */,
			);
			buildRules = (
			);
			dependencies = (
			);
			name = oX;
			productName = oX;
			productReference = 84FFF94C1F014E0B00D116D5 /* oX.app */;
			productType = "com.apple.product-type.application";
		};
		84FFF95F1F014E0B00D116D5 /* oXTests */ = {
			isa = PBXNativeTarget;
			buildConfigurationList = 84FFF9771F014E0B00D116D5 /* Build configuration list for PBXNativeTarget "oXTests" */;
			buildPhases = (
				84FFF95C1F014E0B00D116D5 /* Sources */,
				84FFF95D1F014E0B00D116D5 /* Frameworks */,
				84FFF95E1F014E0B00D116D5 /* Resources */,
			);
			buildRules = (
			);
			dependencies = (
				84FFF9621F014E0B00D116D5 /* PBXTargetDependency */,
			);
			name = oXTests;
			productName = oXTests;
			productReference = 84FFF9601F014E0B00D116D5 /* oXTests.xctest */;
			productType = "com.apple.product-type.bundle.unit-test";
		};
		84FFF96A1F014E0B00D116D5 /* oXUITests */ = {
			isa = PBXNativeTarget;
			buildConfigurationList = 84FFF97A1F014E0B00D116D5 /* Build configuration list for PBXNativeTarget "oXUITests" */;
			buildPhases = (
				84FFF9671F014E0B00D116D5 /* Sources */,
				84FFF9681F014E0B00D116D5 /* Frameworks */,
				84FFF9691F014E0B00D116D5 /* Resources */,
			);
			buildRules = (
			);
			dependencies = (
				84FFF96D1F014E0B00D116D5 /* PBXTargetDependency */,
			);
			name = oXUITests;
			productName = oXUITests;
			productReference = 84FFF96B1F014E0B00D116D5 /* oXUITests.xctest */;
			productType = "com.apple.product-type.bundle.ui-testing";
		};
/* End PBXNativeTarget section */

/* Begin PBXProject section */
		84FFF9441F014E0B00D116D5 /* Project object */ = {
			isa = PBXProject;
			attributes = {
				LastSwiftUpdateCheck = 0830;
				LastUpgradeCheck = 0830;
				ORGANIZATIONNAME = "Kavilan Nair";
				TargetAttributes = {
					84FFF94B1F014E0B00D116D5 = {
						CreatedOnToolsVersion = 8.3.3;
						ProvisioningStyle = Automatic;
					};
					84FFF95F1F014E0B00D116D5 = {
						CreatedOnToolsVersion = 8.3.3;
						ProvisioningStyle = Automatic;
						TestTargetID = 84FFF94B1F014E0B00D116D5;
					};
					84FFF96A1F014E0B00D116D5 = {
						CreatedOnToolsVersion = 8.3.3;
						ProvisioningStyle = Automatic;
						TestTargetID = 84FFF94B1F014E0B00D116D5;
					};
				};
			};
			buildConfigurationList = 84FFF9471F014E0B00D116D5 /* Build configuration list for PBXProject "oX" */;
			compatibilityVersion = "Xcode 3.2";
			developmentRegion = English;
			hasScannedForEncodings = 0;
			knownRegions = (
				en,
				Base,
			);
			mainGroup = 84FFF9431F014E0B00D116D5;
			productRefGroup = 84FFF94D1F014E0B00D116D5 /* Products */;
			projectDirPath = "";
			projectRoot = "";
			targets = (
				84FFF94B1F014E0B00D116D5 /* oX */,
				84FFF95F1F014E0B00D116D5 /* oXTests */,
				84FFF96A1F014E0B00D116D5 /* oXUITests */,
			);
		};
/* End PBXProject section */

/* Begin PBXResourcesBuildPhase section */
		84FFF94A1F014E0B00D116D5 /* Resources */ = {
			isa = PBXResourcesBuildPhase;
			buildActionMask = 2147483647;
			files = (
				84FFF95A1F014E0B00D116D5 /* LaunchScreen.storyboard in Resources */,
				84FFF9571F014E0B00D116D5 /* Assets.xcassets in Resources */,
				84FFF9551F014E0B00D116D5 /* Main.storyboard in Resources */,
			);
			runOnlyForDeploymentPostprocessing = 0;
		};
		84FFF95E1F014E0B00D116D5 /* Resources */ = {
			isa = PBXResourcesBuildPhase;
			buildActionMask = 2147483647;
			files = (
			);
			runOnlyForDeploymentPostprocessing = 0;
		};
		84FFF9691F014E0B00D116D5 /* Resources */ = {
			isa = PBXResourcesBuildPhase;
			buildActionMask = 2147483647;
			files = (
			);
			runOnlyForDeploymentPostprocessing = 0;
		};
/* End PBXResourcesBuildPhase section */

/* Begin PBXSourcesBuildPhase section */
		84FFF9481F014E0B00D116D5 /* Sources */ = {
			isa = PBXSourcesBuildPhase;
			buildActionMask = 2147483647;
			files = (
				84FFF9521F014E0B00D116D5 /* ViewController.swift in Sources */,
				84BEF0EA1F03E97C00A52FD0 /* PlayViewController.swift in Sources */,
				84FFF9501F014E0B00D116D5 /* AppDelegate.swift in Sources */,
			);
			runOnlyForDeploymentPostprocessing = 0;
		};
		84FFF95C1F014E0B00D116D5 /* Sources */ = {
			isa = PBXSourcesBuildPhase;
			buildActionMask = 2147483647;
			files = (
				84FFF9651F014E0B00D116D5 /* oXTests.swift in Sources */,
			);
			runOnlyForDeploymentPostprocessing = 0;
		};
		84FFF9671F014E0B00D116D5 /* Sources */ = {
			isa = PBXSourcesBuildPhase;
			buildActionMask = 2147483647;
			files = (
				84FFF9701F014E0B00D116D5 /* oXUITests.swift in Sources */,
			);
			runOnlyForDeploymentPostprocessing = 0;
		};
/* End PBXSourcesBuildPhase section */

/* Begin PBXTargetDependency section */
		84FFF9621F014E0B00D116D5 /* PBXTargetDependency */ = {
			isa = PBXTargetDependency;
			target = 84FFF94B1F014E0B00D116D5 /* oX */;
			targetProxy = 84FFF9611F014E0B00D116D5 /* PBXContainerItemProxy */;
		};
		84FFF96D1F014E0B00D116D5 /* PBXTargetDependency */ = {
			isa = PBXTargetDependency;
			target = 84FFF94B1F014E0B00D116D5 /* oX */;
			targetProxy = 84FFF96C1F014E0B00D116D5 /* PBXContainerItemProxy */;
		};
/* End PBXTargetDependency section */

/* Begin PBXVariantGroup section */
		84FFF9531F014E0B00D116D5 /* Main.storyboard */ = {
			isa = PBXVariantGroup;
			children = (
				84FFF9541F014E0B00D116D5 /* Base */,
			);
			name = Main.storyboard;
			sourceTree = "<group>";
		};
		84FFF9581F014E0B00D116D5 /* LaunchScreen.storyboard */ = {
			isa = PBXVariantGroup;
			children = (
				84FFF9591F014E0B00D116D5 /* Base */,
			);
			name = LaunchScreen.storyboard;
			sourceTree = "<group>";
		};
/* End PBXVariantGroup section */

/* Begin XCBuildConfiguration section */
		84FFF9721F014E0B00D116D5 /* Debug */ = {
			isa = XCBuildConfiguration;
			buildSettings = {
				ALWAYS_SEARCH_USER_PATHS = NO;
				CLANG_ANALYZER_NONNULL = YES;
				CLANG_ANALYZER_NUMBER_OBJECT_CONVERSION = YES_AGGRESSIVE;
				CLANG_CXX_LANGUAGE_STANDARD = "gnu++0x";
				CLANG_CXX_LIBRARY = "libc++";
				CLANG_ENABLE_MODULES = YES;
				CLANG_ENABLE_OBJC_ARC = YES;
				CLANG_WARN_BOOL_CONVERSION = YES;
				CLANG_WARN_CONSTANT_CONVERSION = YES;
				CLANG_WARN_DIRECT_OBJC_ISA_USAGE = YES_ERROR;
				CLANG_WARN_DOCUMENTATION_COMMENTS = YES;
				CLANG_WARN_EMPTY_BODY = YES;
				CLANG_WARN_ENUM_CONVERSION = YES;
				CLANG_WARN_INFINITE_RECURSION = YES;
				CLANG_WARN_INT_CONVERSION = YES;
				CLANG_WARN_OBJC_ROOT_CLASS = YES_ERROR;
				CLANG_WARN_SUSPICIOUS_MOVE = YES;
				CLANG_WARN_UNREACHABLE_CODE = YES;
				CLANG_WARN__DUPLICATE_METHOD_MATCH = YES;
				"CODE_SIGN_IDENTITY[sdk=iphoneos*]" = "iPhone Developer";
				COPY_PHASE_STRIP = NO;
				DEBUG_INFORMATION_FORMAT = dwarf;
				ENABLE_STRICT_OBJC_MSGSEND = YES;
				ENABLE_TESTABILITY = YES;
				GCC_C_LANGUAGE_STANDARD = gnu99;
				GCC_DYNAMIC_NO_PIC = NO;
				GCC_NO_COMMON_BLOCKS = YES;
				GCC_OPTIMIZATION_LEVEL = 0;
				GCC_PREPROCESSOR_DEFINITIONS = (
					"DEBUG=1",
					"$(inherited)",
				);
				GCC_WARN_64_TO_32_BIT_CONVERSION = YES;
				GCC_WARN_ABOUT_RETURN_TYPE = YES_ERROR;
				GCC_WARN_UNDECLARED_SELECTOR = YES;
				GCC_WARN_UNINITIALIZED_AUTOS = YES_AGGRESSIVE;
				GCC_WARN_UNUSED_FUNCTION = YES;
				GCC_WARN_UNUSED_VARIABLE = YES;
				IPHONEOS_DEPLOYMENT_TARGET = 10.3;
				MTL_ENABLE_DEBUG_INFO = YES;
				ONLY_ACTIVE_ARCH = YES;
				SDKROOT = iphoneos;
				SWIFT_ACTIVE_COMPILATION_CONDITIONS = DEBUG;
				SWIFT_OPTIMIZATION_LEVEL = "-Onone";
				TARGETED_DEVICE_FAMILY = "1,2";
			};
			name = Debug;
		};
		84FFF9731F014E0B00D116D5 /* Release */ = {
			isa = XCBuildConfiguration;
			buildSettings = {
				ALWAYS_SEARCH_USER_PATHS = NO;
				CLANG_ANALYZER_NONNULL = YES;
				CLANG_ANALYZER_NUMBER_OBJECT_CONVERSION = YES_AGGRESSIVE;
				CLANG_CXX_LANGUAGE_STANDARD = "gnu++0x";
				CLANG_CXX_LIBRARY = "libc++";
				CLANG_ENABLE_MODULES = YES;
				CLANG_ENABLE_OBJC_ARC = YES;
				CLANG_WARN_BOOL_CONVERSION = YES;
				CLANG_WARN_CONSTANT_CONVERSION = YES;
				CLANG_WARN_DIRECT_OBJC_ISA_USAGE = YES_ERROR;
				CLANG_WARN_DOCUMENTATION_COMMENTS = YES;
				CLANG_WARN_EMPTY_BODY = YES;
				CLANG_WARN_ENUM_CONVERSION = YES;
				CLANG_WARN_INFINITE_RECURSION = YES;
				CLANG_WARN_INT_CONVERSION = YES;
				CLANG_WARN_OBJC_ROOT_CLASS = YES_ERROR;
				CLANG_WARN_SUSPICIOUS_MOVE = YES;
				CLANG_WARN_UNREACHABLE_CODE = YES;
				CLANG_WARN__DUPLICATE_METHOD_MATCH = YES;
				"CODE_SIGN_IDENTITY[sdk=iphoneos*]" = "iPhone Developer";
				COPY_PHASE_STRIP = NO;
				DEBUG_INFORMATION_FORMAT = "dwarf-with-dsym";
				ENABLE_NS_ASSERTIONS = NO;
				ENABLE_STRICT_OBJC_MSGSEND = YES;
				GCC_C_LANGUAGE_STANDARD = gnu99;
				GCC_NO_COMMON_BLOCKS = YES;
				GCC_WARN_64_TO_32_BIT_CONVERSION = YES;
				GCC_WARN_ABOUT_RETURN_TYPE = YES_ERROR;
				GCC_WARN_UNDECLARED_SELECTOR = YES;
				GCC_WARN_UNINITIALIZED_AUTOS = YES_AGGRESSIVE;
				GCC_WARN_UNUSED_FUNCTION = YES;
				GCC_WARN_UNUSED_VARIABLE = YES;
				IPHONEOS_DEPLOYMENT_TARGET = 10.3;
				MTL_ENABLE_DEBUG_INFO = NO;
				SDKROOT = iphoneos;
				SWIFT_OPTIMIZATION_LEVEL = "-Owholemodule";
				TARGETED_DEVICE_FAMILY = "1,2";
				VALIDATE_PRODUCT = YES;
			};
			name = Release;
		};
		84FFF9751F014E0B00D116D5 /* Debug */ = {
			isa = XCBuildConfiguration;
			buildSettings = {
				ASSETCATALOG_COMPILER_APPICON_NAME = AppIcon;
				INFOPLIST_FILE = oX/Info.plist;
				LD_RUNPATH_SEARCH_PATHS = "$(inherited) @executable_path/Frameworks";
				PRODUCT_BUNDLE_IDENTIFIER = "Kavilan-Nair.oX";
				PRODUCT_NAME = "$(TARGET_NAME)";
				SWIFT_VERSION = 3.0;
			};
			name = Debug;
		};
		84FFF9761F014E0B00D116D5 /* Release */ = {
			isa = XCBuildConfiguration;
			buildSettings = {
				ASSETCATALOG_COMPILER_APPICON_NAME = AppIcon;
				INFOPLIST_FILE = oX/Info.plist;
				LD_RUNPATH_SEARCH_PATHS = "$(inherited) @executable_path/Frameworks";
				PRODUCT_BUNDLE_IDENTIFIER = "Kavilan-Nair.oX";
				PRODUCT_NAME = "$(TARGET_NAME)";
				SWIFT_VERSION = 3.0;
			};
			name = Release;
		};
		84FFF9781F014E0B00D116D5 /* Debug */ = {
			isa = XCBuildConfiguration;
			buildSettings = {
				ALWAYS_EMBED_SWIFT_STANDARD_LIBRARIES = YES;
				BUNDLE_LOADER = "$(TEST_HOST)";
				INFOPLIST_FILE = oXTests/Info.plist;
				LD_RUNPATH_SEARCH_PATHS = "$(inherited) @executable_path/Frameworks @loader_path/Frameworks";
				PRODUCT_BUNDLE_IDENTIFIER = "Kavilan-Nair.oXTests";
				PRODUCT_NAME = "$(TARGET_NAME)";
				SWIFT_VERSION = 3.0;
				TEST_HOST = "$(BUILT_PRODUCTS_DIR)/oX.app/oX";
			};
			name = Debug;
		};
		84FFF9791F014E0B00D116D5 /* Release */ = {
			isa = XCBuildConfiguration;
			buildSettings = {
				ALWAYS_EMBED_SWIFT_STANDARD_LIBRARIES = YES;
				BUNDLE_LOADER = "$(TEST_HOST)";
				INFOPLIST_FILE = oXTests/Info.plist;
				LD_RUNPATH_SEARCH_PATHS = "$(inherited) @executable_path/Frameworks @loader_path/Frameworks";
				PRODUCT_BUNDLE_IDENTIFIER = "Kavilan-Nair.oXTests";
				PRODUCT_NAME = "$(TARGET_NAME)";
				SWIFT_VERSION = 3.0;
				TEST_HOST = "$(BUILT_PRODUCTS_DIR)/oX.app/oX";
			};
			name = Release;
		};
		84FFF97B1F014E0B00D116D5 /* Debug */ = {
			isa = XCBuildConfiguration;
			buildSettings = {
				ALWAYS_EMBED_SWIFT_STANDARD_LIBRARIES = YES;
				INFOPLIST_FILE = oXUITests/Info.plist;
				LD_RUNPATH_SEARCH_PATHS = "$(inherited) @executable_path/Frameworks @loader_path/Frameworks";
				PRODUCT_BUNDLE_IDENTIFIER = "Kavilan-Nair.oXUITests";
				PRODUCT_NAME = "$(TARGET_NAME)";
				SWIFT_VERSION = 3.0;
				TEST_TARGET_NAME = oX;
			};
			name = Debug;
		};
		84FFF97C1F014E0B00D116D5 /* Release */ = {
			isa = XCBuildConfiguration;
			buildSettings = {
				ALWAYS_EMBED_SWIFT_STANDARD_LIBRARIES = YES;
				INFOPLIST_FILE = oXUITests/Info.plist;
				LD_RUNPATH_SEARCH_PATHS = "$(inherited) @executable_path/Frameworks @loader_path/Frameworks";
				PRODUCT_BUNDLE_IDENTIFIER = "Kavilan-Nair.oXUITests";
				PRODUCT_NAME = "$(TARGET_NAME)";
				SWIFT_VERSION = 3.0;
				TEST_TARGET_NAME = oX;
			};
			name = Release;
		};
/* End XCBuildConfiguration section */

/* Begin XCConfigurationList section */
		84FFF9471F014E0B00D116D5 /* Build configuration list for PBXProject "oX" */ = {
			isa = XCConfigurationList;
			buildConfigurations = (
				84FFF9721F014E0B00D116D5 /* Debug */,
				84FFF9731F014E0B00D116D5 /* Release */,
			);
			defaultConfigurationIsVisible = 0;
			defaultConfigurationName = Release;
		};
		84FFF9741F014E0B00D116D5 /* Build configuration list for PBXNativeTarget "oX" */ = {
			isa = XCConfigurationList;
			buildConfigurations = (
				84FFF9751F014E0B00D116D5 /* Debug */,
				84FFF9761F014E0B00D116D5 /* Release */,
			);
			defaultConfigurationIsVisible = 0;
			defaultConfigurationName = Release;
		};
		84FFF9771F014E0B00D116D5 /* Build configuration list for PBXNativeTarget "oXTests" */ = {
			isa = XCConfigurationList;
			buildConfigurations = (
				84FFF9781F014E0B00D116D5 /* Debug */,
				84FFF9791F014E0B00D116D5 /* Release */,
			);
			defaultConfigurationIsVisible = 0;
			defaultConfigurationName = Release;
		};
		84FFF97A1F014E0B00D116D5 /* Build configuration list for PBXNativeTarget "oXUITests" */ = {
			isa = XCConfigurationList;
			buildConfigurations = (
				84FFF97B1F014E0B00D116D5 /* Debug */,
				84FFF97C1F014E0B00D116D5 /* Release */,
			);
			defaultConfigurationIsVisible = 0;
			defaultConfigurationName = Release;
		};
/* End XCConfigurationList section */
	};
	rootObject = 84FFF9441F014E0B00D116D5 /* Project object */;
}
